
Microsoft Visual Studio Solution File, Format Version 12.00
# Visual Studio Version 17
VisualStudioVersion = 17.8.34316.72
MinimumVisualStudioVersion = 10.0.40219.1
Project("{FAE04EC0-301F-11D3-BF4B-00C04F79EFBC}") = "BE.FinalAmadis.Api", "BE-Api\BE.FinalAmadis.Api.csproj", "{042B56E0-C1C7-4975-AB26-3C64ABAC6701}"
EndProject
Project("{FAE04EC0-301F-11D3-BF4B-00C04F79EFBC}") = "BE.FinalAmadis.DataLayer", "DataLayer\BE.FinalAmadis.DataLayer.csproj", "{F67F050A-9668-4884-8B94-FA341DF9095E}"
EndProject
Project("{FAE04EC0-301F-11D3-BF4B-00C04F79EFBC}") = "BE.FInalAmadis.IdentityLayer", "BE.FInalAmadis.IdentityLayer\BE.FInalAmadis.IdentityLayer.csproj", "{5EC5AC01-4A86-4B03-A5A4-0E4A048194FF}"
EndProject
Global
	GlobalSection(SolutionConfigurationPlatforms) = preSolution
		Debug|Any CPU = Debug|Any CPU
		Release|Any CPU = Release|Any CPU
	EndGlobalSection
	GlobalSection(ProjectConfigurationPlatforms) = postSolution
		{042B56E0-C1C7-4975-AB26-3C64ABAC6701}.Debug|Any CPU.ActiveCfg = Debug|Any CPU
		{042B56E0-C1C7-4975-AB26-3C64ABAC6701}.Debug|Any CPU.Build.0 = Debug|Any CPU
		{042B56E0-C1C7-4975-AB26-3C64ABAC6701}.Release|Any CPU.ActiveCfg = Release|Any CPU
		{042B56E0-C1C7-4975-AB26-3C64ABAC6701}.Release|Any CPU.Build.0 = Release|Any CPU
		{F67F050A-9668-4884-8B94-FA341DF9095E}.Debug|Any CPU.ActiveCfg = Debug|Any CPU
		{F67F050A-9668-4884-8B94-FA341DF9095E}.Debug|Any CPU.Build.0 = Debug|Any CPU
		{F67F050A-9668-4884-8B94-FA341DF9095E}.Release|Any CPU.ActiveCfg = Release|Any CPU
		{F67F050A-9668-4884-8B94-FA341DF9095E}.Release|Any CPU.Build.0 = Release|Any CPU
		{5EC5AC01-4A86-4B03-A5A4-0E4A048194FF}.Debug|Any CPU.ActiveCfg = Debug|Any CPU
		{5EC5AC01-4A86-4B03-A5A4-0E4A048194FF}.Debug|Any CPU.Build.0 = Debug|Any CPU
		{5EC5AC01-4A86-4B03-A5A4-0E4A048194FF}.Release|Any CPU.ActiveCfg = Release|Any CPU
		{5EC5AC01-4A86-4B03-A5A4-0E4A048194FF}.Release|Any CPU.Build.0 = Release|Any CPU
	EndGlobalSection
	GlobalSection(SolutionProperties) = preSolution
		HideSolutionNode = FALSE
	EndGlobalSection
	GlobalSection(ExtensibilityGlobals) = postSolution
		SolutionGuid = {97F5B6E1-8DF0-4D44-A04A-08AA9E300C17}
	EndGlobalSection
EndGlobal
